
Microsoft Visual Studio Solution File, Format Version 12.00
# Visual Studio 15
VisualStudioVersion = 15.0.28307.1082
MinimumVisualStudioVersion = 10.0.40219.1
Project("{8BC9CEB8-8B4A-11D0-8D11-00A0C91BC942}") = "Battle City", "Battle City\Battle City.vcxproj", "{9CC23FC9-4D4A-406B-92D5-F8BE2286571C}"
EndProject
Global
	GlobalSection(SolutionConfigurationPlatforms) = preSolution
		Debug|x64 = Debug|x64
		Debug|x86 = Debug|x86
		Release|x64 = Release|x64
		Release|x86 = Release|x86
	EndGlobalSection
	GlobalSection(ProjectConfigurationPlatforms) = postSolution
		{9CC23FC9-4D4A-406B-92D5-F8BE2286571C}.Debug|x64.ActiveCfg = Debug|x64
		{9CC23FC9-4D4A-406B-92D5-F8BE2286571C}.Debug|x64.Build.0 = Debug|x64
		{9CC23FC9-4D4A-406B-92D5-F8BE2286571C}.Debug|x86.ActiveCfg = Debug|Win32
		{9CC23FC9-4D4A-406B-92D5-F8BE2286571C}.Debug|x86.Build.0 = Debug|Win32
		{9CC23FC9-4D4A-406B-92D5-F8BE2286571C}.Release|x64.ActiveCfg = Release|x64
		{9CC23FC9-4D4A-406B-92D5-F8BE2286571C}.Release|x64.Build.0 = Release|x64
		{9CC23FC9-4D4A-406B-92D5-F8BE2286571C}.Release|x86.ActiveCfg = Release|Win32
		{9CC23FC9-4D4A-406B-92D5-F8BE2286571C}.Release|x86.Build.0 = Release|Win32
	EndGlobalSection
	GlobalSection(SolutionProperties) = preSolution
		HideSolutionNode = FALSE
	EndGlobalSection
	GlobalSection(ExtensibilityGlobals) = postSolution
		SolutionGuid = {4039F1FC-B8E1-4D9B-A537-C2426EAAD6E9}
	EndGlobalSection
EndGlobal
